// !$*UTF8*$!
{
	archiveVersion = 1;
	classes = {
	};
	objectVersion = 46;
	objects = {

/* Begin PBXBuildFile section */
		D73E07401EEEC2A300611FFC /* Flickr.swift in Sources */ = {isa = PBXBuildFile; fileRef = D73E073F1EEEC2A300611FFC /* Flickr.swift */; };
		D73E07421EEECCC000611FFC /* FlickrPhoto.swift in Sources */ = {isa = PBXBuildFile; fileRef = D73E07411EEECCC000611FFC /* FlickrPhoto.swift */; };
		D73E07441EEECD0200611FFC /* FlickrSearchResult.swift in Sources */ = {isa = PBXBuildFile; fileRef = D73E07431EEECD0200611FFC /* FlickrSearchResult.swift */; };
		D7DCAEB91EE9C7630054FCA3 /* AppDelegate.swift in Sources */ = {isa = PBXBuildFile; fileRef = D7DCAEB81EE9C7630054FCA3 /* AppDelegate.swift */; };
		D7DCAEBB1EE9C7630054FCA3 /* ViewController.swift in Sources */ = {isa = PBXBuildFile; fileRef = D7DCAEBA1EE9C7630054FCA3 /* ViewController.swift */; };
		D7DCAEBE1EE9C7640054FCA3 /* Main.storyboard in Resources */ = {isa = PBXBuildFile; fileRef = D7DCAEBC1EE9C7640054FCA3 /* Main.storyboard */; };
		D7DCAEC01EE9C7640054FCA3 /* Images.xcassets in Resources */ = {isa = PBXBuildFile; fileRef = D7DCAEBF1EE9C7640054FCA3 /* Images.xcassets */; };
		D7DCAEC31EE9C7640054FCA3 /* LaunchScreen.xib in Resources */ = {isa = PBXBuildFile; fileRef = D7DCAEC11EE9C7640054FCA3 /* LaunchScreen.xib */; };
		D7DCAECF1EE9C7640054FCA3 /* persona_1Tests.swift in Sources */ = {isa = PBXBuildFile; fileRef = D7DCAECE1EE9C7640054FCA3 /* persona_1Tests.swift */; };
		D7DCAED91EEE8F7A0054FCA3 /* PersonaPhotoViewController.swift in Sources */ = {isa = PBXBuildFile; fileRef = D7DCAED81EEE8F7A0054FCA3 /* PersonaPhotoViewController.swift */; };
/* End PBXBuildFile section */

/* Begin PBXContainerItemProxy section */
		D7DCAEC91EE9C7640054FCA3 /* PBXContainerItemProxy */ = {
			isa = PBXContainerItemProxy;
			containerPortal = D7DCAEAB1EE9C7630054FCA3 /* Project object */;
			proxyType = 1;
			remoteGlobalIDString = D7DCAEB21EE9C7630054FCA3;
			remoteInfo = persona_1;
		};
/* End PBXContainerItemProxy section */

/* Begin PBXFileReference section */
		D73E073F1EEEC2A300611FFC /* Flickr.swift */ = {isa = PBXFileReference; fileEncoding = 4; lastKnownFileType = sourcecode.swift; path = Flickr.swift; sourceTree = "<group>"; };
		D73E07411EEECCC000611FFC /* FlickrPhoto.swift */ = {isa = PBXFileReference; fileEncoding = 4; lastKnownFileType = sourcecode.swift; path = FlickrPhoto.swift; sourceTree = "<group>"; };
		D73E07431EEECD0200611FFC /* FlickrSearchResult.swift */ = {isa = PBXFileReference; fileEncoding = 4; lastKnownFileType = sourcecode.swift; path = FlickrSearchResult.swift; sourceTree = "<group>"; };
		D7DCAEB31EE9C7630054FCA3 /* persona_1.app */ = {isa = PBXFileReference; explicitFileType = wrapper.application; includeInIndex = 0; path = persona_1.app; sourceTree = BUILT_PRODUCTS_DIR; };
		D7DCAEB71EE9C7630054FCA3 /* Info.plist */ = {isa = PBXFileReference; lastKnownFileType = text.plist.xml; path = Info.plist; sourceTree = "<group>"; };
		D7DCAEB81EE9C7630054FCA3 /* AppDelegate.swift */ = {isa = PBXFileReference; lastKnownFileType = sourcecode.swift; path = AppDelegate.swift; sourceTree = "<group>"; };
		D7DCAEBA1EE9C7630054FCA3 /* ViewController.swift */ = {isa = PBXFileReference; lastKnownFileType = sourcecode.swift; path = ViewController.swift; sourceTree = "<group>"; };
		D7DCAEBD1EE9C7640054FCA3 /* Base */ = {isa = PBXFileReference; lastKnownFileType = file.storyboard; name = Base; path = Base.lproj/Main.storyboard; sourceTree = "<group>"; };
		D7DCAEBF1EE9C7640054FCA3 /* Images.xcassets */ = {isa = PBXFileReference; lastKnownFileType = folder.assetcatalog; path = Images.xcassets; sourceTree = "<group>"; };
		D7DCAEC21EE9C7640054FCA3 /* Base */ = {isa = PBXFileReference; lastKnownFileType = file.xib; name = Base; path = Base.lproj/LaunchScreen.xib; sourceTree = "<group>"; };
		D7DCAEC81EE9C7640054FCA3 /* persona_1Tests.xctest */ = {isa = PBXFileReference; explicitFileType = wrapper.cfbundle; includeInIndex = 0; path = persona_1Tests.xctest; sourceTree = BUILT_PRODUCTS_DIR; };
		D7DCAECD1EE9C7640054FCA3 /* Info.plist */ = {isa = PBXFileReference; lastKnownFileType = text.plist.xml; path = Info.plist; sourceTree = "<group>"; };
		D7DCAECE1EE9C7640054FCA3 /* persona_1Tests.swift */ = {isa = PBXFileReference; lastKnownFileType = sourcecode.swift; path = persona_1Tests.swift; sourceTree = "<group>"; };
		D7DCAED81EEE8F7A0054FCA3 /* PersonaPhotoViewController.swift */ = {isa = PBXFileReference; fileEncoding = 4; lastKnownFileType = sourcecode.swift; name = PersonaPhotoViewController.swift; path = persona_1/PersonaPhotoViewController.swift; sourceTree = SOURCE_ROOT; };
/* End PBXFileReference section */

/* Begin PBXFrameworksBuildPhase section */
		D7DCAEB01EE9C7630054FCA3 /* Frameworks */ = {
			isa = PBXFrameworksBuildPhase;
			buildActionMask = 2147483647;
			files = (
			);
			runOnlyForDeploymentPostprocessing = 0;
		};
		D7DCAEC51EE9C7640054FCA3 /* Frameworks */ = {
			isa = PBXFrameworksBuildPhase;
			buildActionMask = 2147483647;
			files = (
			);
			runOnlyForDeploymentPostprocessing = 0;
		};
/* End PBXFrameworksBuildPhase section */

/* Begin PBXGroup section */
		D7DCAEAA1EE9C7630054FCA3 = {
			isa = PBXGroup;
			children = (
				D7DCAEB51EE9C7630054FCA3 /* persona_1 */,
				D7DCAECB1EE9C7640054FCA3 /* persona_1Tests */,
				D7DCAEB41EE9C7630054FCA3 /* Products */,
			);
			sourceTree = "<group>";
		};
		D7DCAEB41EE9C7630054FCA3 /* Products */ = {
			isa = PBXGroup;
			children = (
				D7DCAEB31EE9C7630054FCA3 /* persona_1.app */,
				D7DCAEC81EE9C7640054FCA3 /* persona_1Tests.xctest */,
			);
			name = Products;
			sourceTree = "<group>";
		};
		D7DCAEB51EE9C7630054FCA3 /* persona_1 */ = {
			isa = PBXGroup;
			children = (
				D73E07431EEECD0200611FFC /* FlickrSearchResult.swift */,
				D73E07411EEECCC000611FFC /* FlickrPhoto.swift */,
				D73E073F1EEEC2A300611FFC /* Flickr.swift */,
				D7DCAEB81EE9C7630054FCA3 /* AppDelegate.swift */,
				D7DCAEBA1EE9C7630054FCA3 /* ViewController.swift */,
				D7DCAEBC1EE9C7640054FCA3 /* Main.storyboard */,
				D7DCAED81EEE8F7A0054FCA3 /* PersonaPhotoViewController.swift */,
				D7DCAEBF1EE9C7640054FCA3 /* Images.xcassets */,
				D7DCAEC11EE9C7640054FCA3 /* LaunchScreen.xib */,
				D7DCAEB61EE9C7630054FCA3 /* Supporting Files */,
			);
			path = persona_1;
			sourceTree = "<group>";
		};
		D7DCAEB61EE9C7630054FCA3 /* Supporting Files */ = {
			isa = PBXGroup;
			children = (
				D7DCAEB71EE9C7630054FCA3 /* Info.plist */,
			);
			name = "Supporting Files";
			sourceTree = "<group>";
		};
		D7DCAECB1EE9C7640054FCA3 /* persona_1Tests */ = {
			isa = PBXGroup;
			children = (
				D7DCAECE1EE9C7640054FCA3 /* persona_1Tests.swift */,
				D7DCAECC1EE9C7640054FCA3 /* Supporting Files */,
			);
			path = persona_1Tests;
			sourceTree = "<group>";
		};
		D7DCAECC1EE9C7640054FCA3 /* Supporting Files */ = {
			isa = PBXGroup;
			children = (
				D7DCAECD1EE9C7640054FCA3 /* Info.plist */,
			);
			name = "Supporting Files";
			sourceTree = "<group>";
		};
/* End PBXGroup section */

/* Begin PBXNativeTarget section */
		D7DCAEB21EE9C7630054FCA3 /* persona_1 */ = {
			isa = PBXNativeTarget;
			buildConfigurationList = D7DCAED21EE9C7640054FCA3 /* Build configuration list for PBXNativeTarget "persona_1" */;
			buildPhases = (
				D7DCAEAF1EE9C7630054FCA3 /* Sources */,
				D7DCAEB01EE9C7630054FCA3 /* Frameworks */,
				D7DCAEB11EE9C7630054FCA3 /* Resources */,
			);
			buildRules = (
			);
			dependencies = (
			);
			name = persona_1;
			productName = persona_1;
			productReference = D7DCAEB31EE9C7630054FCA3 /* persona_1.app */;
			productType = "com.apple.product-type.application";
		};
		D7DCAEC71EE9C7640054FCA3 /* persona_1Tests */ = {
			isa = PBXNativeTarget;
			buildConfigurationList = D7DCAED51EE9C7640054FCA3 /* Build configuration list for PBXNativeTarget "persona_1Tests" */;
			buildPhases = (
				D7DCAEC41EE9C7640054FCA3 /* Sources */,
				D7DCAEC51EE9C7640054FCA3 /* Frameworks */,
				D7DCAEC61EE9C7640054FCA3 /* Resources */,
			);
			buildRules = (
			);
			dependencies = (
				D7DCAECA1EE9C7640054FCA3 /* PBXTargetDependency */,
			);
			name = persona_1Tests;
			productName = persona_1Tests;
			productReference = D7DCAEC81EE9C7640054FCA3 /* persona_1Tests.xctest */;
			productType = "com.apple.product-type.bundle.unit-test";
		};
/* End PBXNativeTarget section */

/* Begin PBXProject section */
		D7DCAEAB1EE9C7630054FCA3 /* Project object */ = {
			isa = PBXProject;
			attributes = {
				LastSwiftUpdateCheck = 0720;
				LastUpgradeCheck = 0630;
				ORGANIZATIONNAME = "Purnima Singh";
				TargetAttributes = {
					D7DCAEB21EE9C7630054FCA3 = {
						CreatedOnToolsVersion = 6.3;
					};
					D7DCAEC71EE9C7640054FCA3 = {
						CreatedOnToolsVersion = 6.3;
						TestTargetID = D7DCAEB21EE9C7630054FCA3;
					};
				};
			};
			buildConfigurationList = D7DCAEAE1EE9C7630054FCA3 /* Build configuration list for PBXProject "persona_1" */;
			compatibilityVersion = "Xcode 3.2";
			developmentRegion = English;
			hasScannedForEncodings = 0;
			knownRegions = (
				en,
				Base,
			);
			mainGroup = D7DCAEAA1EE9C7630054FCA3;
			productRefGroup = D7DCAEB41EE9C7630054FCA3 /* Products */;
			projectDirPath = "";
			projectRoot = "";
			targets = (
				D7DCAEB21EE9C7630054FCA3 /* persona_1 */,
				D7DCAEC71EE9C7640054FCA3 /* persona_1Tests */,
			);
		};
/* End PBXProject section */

/* Begin PBXResourcesBuildPhase section */
		D7DCAEB11EE9C7630054FCA3 /* Resources */ = {
			isa = PBXResourcesBuildPhase;
			buildActionMask = 2147483647;
			files = (
				D7DCAEBE1EE9C7640054FCA3 /* Main.storyboard in Resources */,
				D7DCAEC31EE9C7640054FCA3 /* LaunchScreen.xib in Resources */,
				D7DCAEC01EE9C7640054FCA3 /* Images.xcassets in Resources */,
			);
			runOnlyForDeploymentPostprocessing = 0;
		};
		D7DCAEC61EE9C7640054FCA3 /* Resources */ = {
			isa = PBXResourcesBuildPhase;
			buildActionMask = 2147483647;
			files = (
			);
			runOnlyForDeploymentPostprocessing = 0;
		};
/* End PBXResourcesBuildPhase section */

/* Begin PBXSourcesBuildPhase section */
		D7DCAEAF1EE9C7630054FCA3 /* Sources */ = {
			isa = PBXSourcesBuildPhase;
			buildActionMask = 2147483647;
			files = (
				D7DCAEBB1EE9C7630054FCA3 /* ViewController.swift in Sources */,
				D7DCAED91EEE8F7A0054FCA3 /* PersonaPhotoViewController.swift in Sources */,
				D73E07401EEEC2A300611FFC /* Flickr.swift in Sources */,
				D73E07441EEECD0200611FFC /* FlickrSearchResult.swift in Sources */,
				D73E07421EEECCC000611FFC /* FlickrPhoto.swift in Sources */,
				D7DCAEB91EE9C7630054FCA3 /* AppDelegate.swift in Sources */,
			);
			runOnlyForDeploymentPostprocessing = 0;
		};
		D7DCAEC41EE9C7640054FCA3 /* Sources */ = {
			isa = PBXSourcesBuildPhase;
			buildActionMask = 2147483647;
			files = (
				D7DCAECF1EE9C7640054FCA3 /* persona_1Tests.swift in Sources */,
			);
			runOnlyForDeploymentPostprocessing = 0;
		};
/* End PBXSourcesBuildPhase section */

/* Begin PBXTargetDependency section */
		D7DCAECA1EE9C7640054FCA3 /* PBXTargetDependency */ = {
			isa = PBXTargetDependency;
			target = D7DCAEB21EE9C7630054FCA3 /* persona_1 */;
			targetProxy = D7DCAEC91EE9C7640054FCA3 /* PBXContainerItemProxy */;
		};
/* End PBXTargetDependency section */

/* Begin PBXVariantGroup section */
		D7DCAEBC1EE9C7640054FCA3 /* Main.storyboard */ = {
			isa = PBXVariantGroup;
			children = (
				D7DCAEBD1EE9C7640054FCA3 /* Base */,
			);
			name = Main.storyboard;
			sourceTree = "<group>";
		};
		D7DCAEC11EE9C7640054FCA3 /* LaunchScreen.xib */ = {
			isa = PBXVariantGroup;
			children = (
				D7DCAEC21EE9C7640054FCA3 /* Base */,
			);
			name = LaunchScreen.xib;
			sourceTree = "<group>";
		};
/* End PBXVariantGroup section */

/* Begin XCBuildConfiguration section */
		D7DCAED01EE9C7640054FCA3 /* Debug */ = {
			isa = XCBuildConfiguration;
			buildSettings = {
				ALWAYS_SEARCH_USER_PATHS = NO;
				CLANG_CXX_LANGUAGE_STANDARD = "gnu++0x";
				CLANG_CXX_LIBRARY = "libc++";
				CLANG_ENABLE_MODULES = YES;
				CLANG_ENABLE_OBJC_ARC = YES;
				CLANG_WARN_BOOL_CONVERSION = YES;
				CLANG_WARN_CONSTANT_CONVERSION = YES;
				CLANG_WARN_DIRECT_OBJC_ISA_USAGE = YES_ERROR;
				CLANG_WARN_EMPTY_BODY = YES;
				CLANG_WARN_ENUM_CONVERSION = YES;
				CLANG_WARN_INT_CONVERSION = YES;
				CLANG_WARN_OBJC_ROOT_CLASS = YES_ERROR;
				CLANG_WARN_UNREACHABLE_CODE = YES;
				CLANG_WARN__DUPLICATE_METHOD_MATCH = YES;
				"CODE_SIGN_IDENTITY[sdk=iphoneos*]" = "iPhone Developer";
				COPY_PHASE_STRIP = NO;
				DEBUG_INFORMATION_FORMAT = "dwarf-with-dsym";
				ENABLE_STRICT_OBJC_MSGSEND = YES;
				GCC_C_LANGUAGE_STANDARD = gnu99;
				GCC_DYNAMIC_NO_PIC = NO;
				GCC_NO_COMMON_BLOCKS = YES;
				GCC_OPTIMIZATION_LEVEL = 0;
				GCC_PREPROCESSOR_DEFINITIONS = (
					"DEBUG=1",
					"$(inherited)",
				);
				GCC_SYMBOLS_PRIVATE_EXTERN = NO;
				GCC_WARN_64_TO_32_BIT_CONVERSION = YES;
				GCC_WARN_ABOUT_RETURN_TYPE = YES_ERROR;
				GCC_WARN_UNDECLARED_SELECTOR = YES;
				GCC_WARN_UNINITIALIZED_AUTOS = YES_AGGRESSIVE;
				GCC_WARN_UNUSED_FUNCTION = YES;
				GCC_WARN_UNUSED_VARIABLE = YES;
				IPHONEOS_DEPLOYMENT_TARGET = 8.3;
				MTL_ENABLE_DEBUG_INFO = YES;
				ONLY_ACTIVE_ARCH = YES;
				SDKROOT = iphoneos;
				SWIFT_OPTIMIZATION_LEVEL = "-Onone";
				TARGETED_DEVICE_FAMILY = "1,2";
			};
			name = Debug;
		};
		D7DCAED11EE9C7640054FCA3 /* Release */ = {
			isa = XCBuildConfiguration;
			buildSettings = {
				ALWAYS_SEARCH_USER_PATHS = NO;
				CLANG_CXX_LANGUAGE_STANDARD = "gnu++0x";
				CLANG_CXX_LIBRARY = "libc++";
				CLANG_ENABLE_MODULES = YES;
				CLANG_ENABLE_OBJC_ARC = YES;
				CLANG_WARN_BOOL_CONVERSION = YES;
				CLANG_WARN_CONSTANT_CONVERSION = YES;
				CLANG_WARN_DIRECT_OBJC_ISA_USAGE = YES_ERROR;
				CLANG_WARN_EMPTY_BODY = YES;
				CLANG_WARN_ENUM_CONVERSION = YES;
				CLANG_WARN_INT_CONVERSION = YES;
				CLANG_WARN_OBJC_ROOT_CLASS = YES_ERROR;
				CLANG_WARN_UNREACHABLE_CODE = YES;
				CLANG_WARN__DUPLICATE_METHOD_MATCH = YES;
				"CODE_SIGN_IDENTITY[sdk=iphoneos*]" = "iPhone Developer";
				COPY_PHASE_STRIP = NO;
				DEBUG_INFORMATION_FORMAT = "dwarf-with-dsym";
				ENABLE_NS_ASSERTIONS = NO;
				ENABLE_STRICT_OBJC_MSGSEND = YES;
				GCC_C_LANGUAGE_STANDARD = gnu99;
				GCC_NO_COMMON_BLOCKS = YES;
				GCC_WARN_64_TO_32_BIT_CONVERSION = YES;
				GCC_WARN_ABOUT_RETURN_TYPE = YES_ERROR;
				GCC_WARN_UNDECLARED_SELECTOR = YES;
				GCC_WARN_UNINITIALIZED_AUTOS = YES_AGGRESSIVE;
				GCC_WARN_UNUSED_FUNCTION = YES;
				GCC_WARN_UNUSED_VARIABLE = YES;
				IPHONEOS_DEPLOYMENT_TARGET = 8.3;
				MTL_ENABLE_DEBUG_INFO = NO;
				SDKROOT = iphoneos;
				TARGETED_DEVICE_FAMILY = "1,2";
				VALIDATE_PRODUCT = YES;
			};
			name = Release;
		};
		D7DCAED31EE9C7640054FCA3 /* Debug */ = {
			isa = XCBuildConfiguration;
			buildSettings = {
				ASSETCATALOG_COMPILER_APPICON_NAME = AppIcon;
				INFOPLIST_FILE = persona_1/Info.plist;
				LD_RUNPATH_SEARCH_PATHS = "$(inherited) @executable_path/Frameworks";
				PRODUCT_NAME = "$(TARGET_NAME)";
			};
			name = Debug;
		};
		D7DCAED41EE9C7640054FCA3 /* Release */ = {
			isa = XCBuildConfiguration;
			buildSettings = {
				ASSETCATALOG_COMPILER_APPICON_NAME = AppIcon;
				INFOPLIST_FILE = persona_1/Info.plist;
				LD_RUNPATH_SEARCH_PATHS = "$(inherited) @executable_path/Frameworks";
				PRODUCT_NAME = "$(TARGET_NAME)";
			};
			name = Release;
		};
		D7DCAED61EE9C7640054FCA3 /* Debug */ = {
			isa = XCBuildConfiguration;
			buildSettings = {
				BUNDLE_LOADER = "$(TEST_HOST)";
				FRAMEWORK_SEARCH_PATHS = (
					"$(SDKROOT)/Developer/Library/Frameworks",
					"$(inherited)",
				);
				GCC_PREPROCESSOR_DEFINITIONS = (
					"DEBUG=1",
					"$(inherited)",
				);
				INFOPLIST_FILE = persona_1Tests/Info.plist;
				LD_RUNPATH_SEARCH_PATHS = "$(inherited) @executable_path/Frameworks @loader_path/Frameworks";
				PRODUCT_NAME = "$(TARGET_NAME)";
				TEST_HOST = "$(BUILT_PRODUCTS_DIR)/persona_1.app/persona_1";
			};
			name = Debug;
		};
		D7DCAED71EE9C7640054FCA3 /* Release */ = {
			isa = XCBuildConfiguration;
			buildSettings = {
				BUNDLE_LOADER = "$(TEST_HOST)";
				FRAMEWORK_SEARCH_PATHS = (
					"$(SDKROOT)/Developer/Library/Frameworks",
					"$(inherited)",
				);
				INFOPLIST_FILE = persona_1Tests/Info.plist;
				LD_RUNPATH_SEARCH_PATHS = "$(inherited) @executable_path/Frameworks @loader_path/Frameworks";
				PRODUCT_NAME = "$(TARGET_NAME)";
				TEST_HOST = "$(BUILT_PRODUCTS_DIR)/persona_1.app/persona_1";
			};
			name = Release;
		};
/* End XCBuildConfiguration section */

/* Begin XCConfigurationList section */
		D7DCAEAE1EE9C7630054FCA3 /* Build configuration list for PBXProject "persona_1" */ = {
			isa = XCConfigurationList;
			buildConfigurations = (
				D7DCAED01EE9C7640054FCA3 /* Debug */,
				D7DCAED11EE9C7640054FCA3 /* Release */,
			);
			defaultConfigurationIsVisible = 0;
			defaultConfigurationName = Release;
		};
		D7DCAED21EE9C7640054FCA3 /* Build configuration list for PBXNativeTarget "persona_1" */ = {
			isa = XCConfigurationList;
			buildConfigurations = (
				D7DCAED31EE9C7640054FCA3 /* Debug */,
				D7DCAED41EE9C7640054FCA3 /* Release */,
			);
			defaultConfigurationIsVisible = 0;
			defaultConfigurationName = Release;
		};
		D7DCAED51EE9C7640054FCA3 /* Build configuration list for PBXNativeTarget "persona_1Tests" */ = {
			isa = XCConfigurationList;
			buildConfigurations = (
				D7DCAED61EE9C7640054FCA3 /* Debug */,
				D7DCAED71EE9C7640054FCA3 /* Release */,
			);
			defaultConfigurationIsVisible = 0;
			defaultConfigurationName = Release;
		};
/* End XCConfigurationList section */
	};
	rootObject = D7DCAEAB1EE9C7630054FCA3 /* Project object */;
}
